PODS:
  - file_saver (0.0.1):
    - FlutterMacOS
  - FlutterMacOS (1.0.0)
  - hotkey_api (0.0.1):
    - FlutterMacOS
  - irondash_engine_context (0.0.1):
    - FlutterMacOS
  - PostHog (3.41.1)
  - posthog_flutter (0.0.1):
    - Flutter
    - FlutterMacOS
    - PostHog (< 4.0.0, >= 3.40.0)
  - super_native_extensions (0.0.1):
    - FlutterMacOS

DEPENDENCIES:
  - file_saver (from `Flutter/ephemeral/.symlinks/plugins/file_saver/macos`)
  - FlutterMacOS (from `Flutter/ephemeral`)
  - hotkey_api (from `Flutter/ephemeral/.symlinks/plugins/hotkey_api/macos`)
  - irondash_engine_context (from `Flutter/ephemeral/.symlinks/plugins/irondash_engine_context/macos`)
  - posthog_flutter (from `Flutter/ephemeral/.symlinks/plugins/posthog_flutter/macos`)
  - super_native_extensions (from `Flutter/ephemeral/.symlinks/plugins/super_native_extensions/macos`)

SPEC REPOS:
  trunk:
    - PostHog

EXTERNAL SOURCES:
  file_saver:
    :path: Flutter/ephemeral/.symlinks/plugins/file_saver/macos
  FlutterMacOS:
    :path: Flutter/ephemeral
  hotkey_api:
    :path: Flutter/ephemeral/.symlinks/plugins/hotkey_api/macos
  irondash_engine_context:
    :path: Flutter/ephemeral/.symlinks/plugins/irondash_engine_context/macos
  posthog_flutter:
    :path: Flutter/ephemeral/.symlinks/plugins/posthog_flutter/macos
  super_native_extensions:
    :path: Flutter/ephemeral/.symlinks/plugins/super_native_extensions/macos

SPEC CHECKSUMS:
  file_saver: e35bd97de451dde55ff8c38862ed7ad0f3418d0f
  FlutterMacOS: d0db08ddef1a9af05a5ec4b724367152bb0500b1
  hotkey_api: 45565a9d1cb93d89db66823cb73d81bc9a46d388
  irondash_engine_context: 893c7d96d20ce361d7e996f39d360c4c2f9869ba
  PostHog: f73d82f70ac404567a49d3c62c9e15d2fd6c1aa9
  posthog_flutter: 074371576a1f82dc8d3c7ca6b0b6c3c930e03ba5
  super_native_extensions: c2795d6d9aedf4a79fae25cb6160b71b50549189

PODFILE CHECKSUM: 54d867c82ac51cbd61b565781b9fada492027009

COCOAPODS: 1.16.2
